
Microsoft Visual Studio Solution File, Format Version 12.00
# Visual Studio Version 16
VisualStudioVersion = 16.0.29519.181
MinimumVisualStudioVersion = 10.0.40219.1
Project("{FAE04EC0-301F-11D3-BF4B-00C04F79EFBC}") = "PruebaPasantia", "PruebaPasantia\PruebaPasantia.csproj", "{134D9DE6-DA15-4088-963A-C899F73ECD5F}"
EndProject
Global
	GlobalSection(SolutionConfigurationPlatforms) = preSolution
		Debug|Any CPU = Debug|Any CPU
		Release|Any CPU = Release|Any CPU
	EndGlobalSection
	GlobalSection(ProjectConfigurationPlatforms) = postSolution
		{134D9DE6-DA15-4088-963A-C899F73ECD5F}.Debug|Any CPU.ActiveCfg = Debug|Any CPU
		{134D9DE6-DA15-4088-963A-C899F73ECD5F}.Debug|Any CPU.Build.0 = Debug|Any CPU
		{134D9DE6-DA15-4088-963A-C899F73ECD5F}.Release|Any CPU.ActiveCfg = Release|Any CPU
		{134D9DE6-DA15-4088-963A-C899F73ECD5F}.Release|Any CPU.Build.0 = Release|Any CPU
	EndGlobalSection
	GlobalSection(SolutionProperties) = preSolution
		HideSolutionNode = FALSE
	EndGlobalSection
	GlobalSection(ExtensibilityGlobals) = postSolution
		SolutionGuid = {B861A142-E8EF-40B4-8F7B-AC959A16428E}
	EndGlobalSection
EndGlobal
